
Microsoft Visual Studio Solution File, Format Version 12.00
# Visual Studio 15
VisualStudioVersion = 15.0.28307.539
MinimumVisualStudioVersion = 10.0.40219.1
Project("{FAE04EC0-301F-11D3-BF4B-00C04F79EFBC}") = "First.Android", "First\First.Android\First.Android.csproj", "{24CE3C36-16B9-426D-AA0C-5961ECF8D88C}"
EndProject
Project("{FAE04EC0-301F-11D3-BF4B-00C04F79EFBC}") = "First.iOS", "First\First.iOS\First.iOS.csproj", "{CA25EDEB-9AD1-46CE-8384-BCF5E59E7DEC}"
EndProject
Project("{FAE04EC0-301F-11D3-BF4B-00C04F79EFBC}") = "First", "First\First\First.csproj", "{07594E99-EBE3-4888-B743-D57EA6B8B7EE}"
EndProject
Global
	GlobalSection(SolutionConfigurationPlatforms) = preSolution
		Debug|Any CPU = Debug|Any CPU
		Debug|iPhone = Debug|iPhone
		Debug|iPhoneSimulator = Debug|iPhoneSimulator
		Release|Any CPU = Release|Any CPU
		Release|iPhone = Release|iPhone
		Release|iPhoneSimulator = Release|iPhoneSimulator
	EndGlobalSection
	GlobalSection(ProjectConfigurationPlatforms) = postSolution
		{24CE3C36-16B9-426D-AA0C-5961ECF8D88C}.Debug|Any CPU.ActiveCfg = Debug|Any CPU
		{24CE3C36-16B9-426D-AA0C-5961ECF8D88C}.Debug|Any CPU.Build.0 = Debug|Any CPU
		{24CE3C36-16B9-426D-AA0C-5961ECF8D88C}.Debug|Any CPU.Deploy.0 = Debug|Any CPU
		{24CE3C36-16B9-426D-AA0C-5961ECF8D88C}.Debug|iPhone.ActiveCfg = Debug|Any CPU
		{24CE3C36-16B9-426D-AA0C-5961ECF8D88C}.Debug|iPhone.Build.0 = Debug|Any CPU
		{24CE3C36-16B9-426D-AA0C-5961ECF8D88C}.Debug|iPhone.Deploy.0 = Debug|Any CPU
		{24CE3C36-16B9-426D-AA0C-5961ECF8D88C}.Debug|iPhoneSimulator.ActiveCfg = Debug|Any CPU
		{24CE3C36-16B9-426D-AA0C-5961ECF8D88C}.Debug|iPhoneSimulator.Build.0 = Debug|Any CPU
		{24CE3C36-16B9-426D-AA0C-5961ECF8D88C}.Debug|iPhoneSimulator.Deploy.0 = Debug|Any CPU
		{24CE3C36-16B9-426D-AA0C-5961ECF8D88C}.Release|Any CPU.ActiveCfg = Release|Any CPU
		{24CE3C36-16B9-426D-AA0C-5961ECF8D88C}.Release|Any CPU.Build.0 = Release|Any CPU
		{24CE3C36-16B9-426D-AA0C-5961ECF8D88C}.Release|Any CPU.Deploy.0 = Release|Any CPU
		{24CE3C36-16B9-426D-AA0C-5961ECF8D88C}.Release|iPhone.ActiveCfg = Release|Any CPU
		{24CE3C36-16B9-426D-AA0C-5961ECF8D88C}.Release|iPhone.Build.0 = Release|Any CPU
		{24CE3C36-16B9-426D-AA0C-5961ECF8D88C}.Release|iPhone.Deploy.0 = Release|Any CPU
		{24CE3C36-16B9-426D-AA0C-5961ECF8D88C}.Release|iPhoneSimulator.ActiveCfg = Release|Any CPU
		{24CE3C36-16B9-426D-AA0C-5961ECF8D88C}.Release|iPhoneSimulator.Build.0 = Release|Any CPU
		{24CE3C36-16B9-426D-AA0C-5961ECF8D88C}.Release|iPhoneSimulator.Deploy.0 = Release|Any CPU
		{CA25EDEB-9AD1-46CE-8384-BCF5E59E7DEC}.Debug|Any CPU.ActiveCfg = Debug|iPhoneSimulator
		{CA25EDEB-9AD1-46CE-8384-BCF5E59E7DEC}.Debug|Any CPU.Build.0 = Debug|iPhoneSimulator
		{CA25EDEB-9AD1-46CE-8384-BCF5E59E7DEC}.Debug|Any CPU.Deploy.0 = Debug|iPhoneSimulator
		{CA25EDEB-9AD1-46CE-8384-BCF5E59E7DEC}.Debug|iPhone.ActiveCfg = Debug|iPhone
		{CA25EDEB-9AD1-46CE-8384-BCF5E59E7DEC}.Debug|iPhone.Build.0 = Debug|iPhone
		{CA25EDEB-9AD1-46CE-8384-BCF5E59E7DEC}.Debug|iPhone.Deploy.0 = Debug|iPhone
		{CA25EDEB-9AD1-46CE-8384-BCF5E59E7DEC}.Debug|iPhoneSimulator.ActiveCfg = Debug|iPhoneSimulator
		{CA25EDEB-9AD1-46CE-8384-BCF5E59E7DEC}.Debug|iPhoneSimulator.Build.0 = Debug|iPhoneSimulator
		{CA25EDEB-9AD1-46CE-8384-BCF5E59E7DEC}.Debug|iPhoneSimulator.Deploy.0 = Debug|iPhoneSimulator
		{CA25EDEB-9AD1-46CE-8384-BCF5E59E7DEC}.Release|Any CPU.ActiveCfg = Release|iPhone
		{CA25EDEB-9AD1-46CE-8384-BCF5E59E7DEC}.Release|Any CPU.Build.0 = Release|iPhone
		{CA25EDEB-9AD1-46CE-8384-BCF5E59E7DEC}.Release|Any CPU.Deploy.0 = Release|iPhone
		{CA25EDEB-9AD1-46CE-8384-BCF5E59E7DEC}.Release|iPhone.ActiveCfg = Release|iPhone
		{CA25EDEB-9AD1-46CE-8384-BCF5E59E7DEC}.Release|iPhone.Build.0 = Release|iPhone
		{CA25EDEB-9AD1-46CE-8384-BCF5E59E7DEC}.Release|iPhone.Deploy.0 = Release|iPhone
		{CA25EDEB-9AD1-46CE-8384-BCF5E59E7DEC}.Release|iPhoneSimulator.ActiveCfg = Release|iPhoneSimulator
		{CA25EDEB-9AD1-46CE-8384-BCF5E59E7DEC}.Release|iPhoneSimulator.Build.0 = Release|iPhoneSimulator
		{CA25EDEB-9AD1-46CE-8384-BCF5E59E7DEC}.Release|iPhoneSimulator.Deploy.0 = Release|iPhoneSimulator
		{07594E99-EBE3-4888-B743-D57EA6B8B7EE}.Debug|Any CPU.ActiveCfg = Debug|Any CPU
		{07594E99-EBE3-4888-B743-D57EA6B8B7EE}.Debug|Any CPU.Build.0 = Debug|Any CPU
		{07594E99-EBE3-4888-B743-D57EA6B8B7EE}.Debug|Any CPU.Deploy.0 = Debug|Any CPU
		{07594E99-EBE3-4888-B743-D57EA6B8B7EE}.Debug|iPhone.ActiveCfg = Debug|Any CPU
		{07594E99-EBE3-4888-B743-D57EA6B8B7EE}.Debug|iPhone.Build.0 = Debug|Any CPU
		{07594E99-EBE3-4888-B743-D57EA6B8B7EE}.Debug|iPhone.Deploy.0 = Debug|Any CPU
		{07594E99-EBE3-4888-B743-D57EA6B8B7EE}.Debug|iPhoneSimulator.ActiveCfg = Debug|Any CPU
		{07594E99-EBE3-4888-B743-D57EA6B8B7EE}.Debug|iPhoneSimulator.Build.0 = Debug|Any CPU
		{07594E99-EBE3-4888-B743-D57EA6B8B7EE}.Debug|iPhoneSimulator.Deploy.0 = Debug|Any CPU
		{07594E99-EBE3-4888-B743-D57EA6B8B7EE}.Release|Any CPU.ActiveCfg = Release|Any CPU
		{07594E99-EBE3-4888-B743-D57EA6B8B7EE}.Release|Any CPU.Build.0 = Release|Any CPU
		{07594E99-EBE3-4888-B743-D57EA6B8B7EE}.Release|Any CPU.Deploy.0 = Release|Any CPU
		{07594E99-EBE3-4888-B743-D57EA6B8B7EE}.Release|iPhone.ActiveCfg = Release|Any CPU
		{07594E99-EBE3-4888-B743-D57EA6B8B7EE}.Release|iPhone.Build.0 = Release|Any CPU
		{07594E99-EBE3-4888-B743-D57EA6B8B7EE}.Release|iPhone.Deploy.0 = Release|Any CPU
		{07594E99-EBE3-4888-B743-D57EA6B8B7EE}.Release|iPhoneSimulator.ActiveCfg = Release|Any CPU
		{07594E99-EBE3-4888-B743-D57EA6B8B7EE}.Release|iPhoneSimulator.Build.0 = Release|Any CPU
		{07594E99-EBE3-4888-B743-D57EA6B8B7EE}.Release|iPhoneSimulator.Deploy.0 = Release|Any CPU
	EndGlobalSection
	GlobalSection(SolutionProperties) = preSolution
		HideSolutionNode = FALSE
	EndGlobalSection
	GlobalSection(ExtensibilityGlobals) = postSolution
		SolutionGuid = {385A37D6-76BB-4B04-9DB7-A5866E8FCBCF}
	EndGlobalSection
EndGlobal
